
Microsoft Visual Studio Solution File, Format Version 12.00
# Visual Studio Version 16
VisualStudioVersion = 16.0.31025.194
MinimumVisualStudioVersion = 10.0.40219.1
Project("{FAE04EC0-301F-11D3-BF4B-00C04F79EFBC}") = "BankingSystem", "BankingSystem.csproj", "{26248384-B5AD-485B-9432-22BCFC976C3D}"
EndProject
Global
	GlobalSection(SolutionConfigurationPlatforms) = preSolution
		Debug|Any CPU = Debug|Any CPU
		Release|Any CPU = Release|Any CPU
	EndGlobalSection
	GlobalSection(ProjectConfigurationPlatforms) = postSolution
		{26248384-B5AD-485B-9432-22BCFC976C3D}.Debug|Any CPU.ActiveCfg = Debug|Any CPU
		{26248384-B5AD-485B-9432-22BCFC976C3D}.Debug|Any CPU.Build.0 = Debug|Any CPU
		{26248384-B5AD-485B-9432-22BCFC976C3D}.Release|Any CPU.ActiveCfg = Release|Any CPU
		{26248384-B5AD-485B-9432-22BCFC976C3D}.Release|Any CPU.Build.0 = Release|Any CPU
	EndGlobalSection
	GlobalSection(SolutionProperties) = preSolution
		HideSolutionNode = FALSE
	EndGlobalSection
	GlobalSection(ExtensibilityGlobals) = postSolution
		SolutionGuid = {5205D524-CA5A-45C5-94F2-21DC82A5B849}
	EndGlobalSection
EndGlobal
